
Microsoft Visual Studio Solution File, Format Version 12.00
Project("{FAE04EC0-301F-11D3-BF4B-00C04F79EFBC}") = "WebApplication1", "WebApplication1\WebApplication1.csproj", "{93FBAB54-DC3F-4942-A980-B453E0AC683D}"
EndProject
Global
	GlobalSection(SolutionConfigurationPlatforms) = preSolution
		Debug|Any CPU = Debug|Any CPU
		Release|Any CPU = Release|Any CPU
	EndGlobalSection
	GlobalSection(ProjectConfigurationPlatforms) = postSolution
		{93FBAB54-DC3F-4942-A980-B453E0AC683D}.Debug|Any CPU.ActiveCfg = Debug|Any CPU
		{93FBAB54-DC3F-4942-A980-B453E0AC683D}.Debug|Any CPU.Build.0 = Debug|Any CPU
		{93FBAB54-DC3F-4942-A980-B453E0AC683D}.Release|Any CPU.ActiveCfg = Release|Any CPU
		{93FBAB54-DC3F-4942-A980-B453E0AC683D}.Release|Any CPU.Build.0 = Release|Any CPU
	EndGlobalSection
EndGlobal
